
Microsoft Visual Studio Solution File, Format Version 12.00
# Visual Studio Version 16
VisualStudioVersion = 16.0.31624.102
MinimumVisualStudioVersion = 10.0.40219.1
Project("{FAE04EC0-301F-11D3-BF4B-00C04F79EFBC}") = "Lab_2.4", "Lab_2.4\Lab_2.4.csproj", "{E2FBFF94-5C1E-4692-AD00-D4A60FDF1975}"
EndProject
Global
	GlobalSection(SolutionConfigurationPlatforms) = preSolution
		Debug|Any CPU = Debug|Any CPU
		Release|Any CPU = Release|Any CPU
	EndGlobalSection
	GlobalSection(ProjectConfigurationPlatforms) = postSolution
		{E2FBFF94-5C1E-4692-AD00-D4A60FDF1975}.Debug|Any CPU.ActiveCfg = Debug|Any CPU
		{E2FBFF94-5C1E-4692-AD00-D4A60FDF1975}.Debug|Any CPU.Build.0 = Debug|Any CPU
		{E2FBFF94-5C1E-4692-AD00-D4A60FDF1975}.Release|Any CPU.ActiveCfg = Release|Any CPU
		{E2FBFF94-5C1E-4692-AD00-D4A60FDF1975}.Release|Any CPU.Build.0 = Release|Any CPU
	EndGlobalSection
	GlobalSection(SolutionProperties) = preSolution
		HideSolutionNode = FALSE
	EndGlobalSection
	GlobalSection(ExtensibilityGlobals) = postSolution
		SolutionGuid = {870EB16D-04BE-4597-A1A8-1FF04ECA48C0}
	EndGlobalSection
EndGlobal
